{
    "_readme": [
        "This file locks the dependencies of your project to a known state",
        "Read more about it at https://getcomposer.org/doc/01-basic-usage.md#composer-lock-the-lock-file",
        "This file is @generated automatically"
    ],
    "hash": "3c30b85ac8d11ab1352232f205bdf72e",
    "packages": [
        {
            "name": "jakoch/phantomjs-installer",
            "version": "1.9.7",
            "source": {
                "type": "git",
                "url": "https://github.com/jakoch/phantomjs-installer.git",
                "reference": "2431d7001a911c672b2ef04f447222a967134313"
            },
            "dist": {
                "type": "zip",
                "url": "https://api.github.com/repos/jakoch/phantomjs-installer/zipball/2431d7001a911c672b2ef04f447222a967134313",
                "reference": "2431d7001a911c672b2ef04f447222a967134313",
                "shasum": ""
            },
            "require": {
                "ext-openssl": "*"
            },
            "type": "custom-installer",
            "autoload": {
                "psr-0": {
                    "PhantomInstaller\\": "src/"
                }
            },
            "notification-url": "https://packagist.org/downloads/",
            "license": [
                "MIT"
            ],
            "authors": [
                {
                    "name": "Jens-André Koch",
                    "email": "jakoch@web.de"
                }
            ],
            "description": "A Composer package which installs the PhantomJS binary (Linux, Windows, Mac) into `/bin` of your project.",
            "keywords": [
                "binaries",
                "headless",
                "phantomjs"
            ],
            "time": "2014-07-29 09:42:52"
        },
        {
            "name": "jonnyw/php-phantomjs",
            "version": "v3.1.5",
            "source": {
                "type": "git",
                "url": "https://github.com/jonnnnyw/php-phantomjs.git",
                "reference": "b2e6985b7362f7699c11823e2956a2d8112728eb"
            },
            "dist": {
                "type": "zip",
                "url": "https://api.github.com/repos/jonnnnyw/php-phantomjs/zipball/b2e6985b7362f7699c11823e2956a2d8112728eb",
                "reference": "b2e6985b7362f7699c11823e2956a2d8112728eb",
                "shasum": ""
            },
            "require": {
                "jakoch/phantomjs-installer": "1.9.7",
                "php": ">=5.3.0",
                "symfony/config": "~2.3",
                "symfony/dependency-injection": "~2.3",
                "symfony/filesystem": "~2.3",
                "symfony/yaml": "~2.3",
                "twig/twig": "~1.16"
            },
            "require-dev": {
                "phpunit/phpunit": "~4.0"
            },
            "bin": [
                "bin/phantomloader"
            ],
            "type": "library",
            "autoload": {
                "psr-0": {
                    "JonnyW\\PhantomJs\\": "src"
                },
                "classmap": [
                    "src/"
                ]
            },
            "notification-url": "https://packagist.org/downloads/",
            "license": [
                "MIT"
            ],
            "authors": [
                {
                    "name": "Jonny Wenmoth",
                    "email": "contact@jonnyw.me",
                    "homepage": "http://jonnyw.me/"
                }
            ],
            "description": "A PHP wrapper for loading pages through PhantomJS",
            "keywords": [
                "Headless Browser",
                "phantomjs",
                "testing"
            ],
            "time": "2015-02-17 14:23:56"
        },
        {
            "name": "symfony/config",
            "version": "v2.7.4",
            "source": {
                "type": "git",
                "url": "https://github.com/symfony/Config.git",
                "reference": "5ab9ff48b3cb5b40951a607f77fc1cbfd29edba8"
            },
            "dist": {
                "type": "zip",
                "url": "https://api.github.com/repos/symfony/Config/zipball/5ab9ff48b3cb5b40951a607f77fc1cbfd29edba8",
                "reference": "5ab9ff48b3cb5b40951a607f77fc1cbfd29edba8",
                "shasum": ""
            },
            "require": {
                "php": ">=5.3.9",
                "symfony/filesystem": "~2.3"
            },
            "require-dev": {
                "symfony/phpunit-bridge": "~2.7"
            },
            "type": "library",
            "extra": {
                "branch-alias": {
                    "dev-master": "2.7-dev"
                }
            },
            "autoload": {
                "psr-4": {
                    "Symfony\\Component\\Config\\": ""
                }
            },
            "notification-url": "https://packagist.org/downloads/",
            "license": [
                "MIT"
            ],
            "authors": [
                {
                    "name": "Fabien Potencier",
                    "email": "fabien@symfony.com"
                },
                {
                    "name": "Symfony Community",
                    "homepage": "https://symfony.com/contributors"
                }
            ],
            "description": "Symfony Config Component",
            "homepage": "https://symfony.com",
            "time": "2015-08-27 06:45:45"
        },
        {
            "name": "symfony/dependency-injection",
            "version": "v2.7.4",
            "source": {
                "type": "git",
                "url": "https://github.com/symfony/DependencyInjection.git",
                "reference": "c0a3a97b9450d77cd8eff81c5825efb3624c255b"
            },
            "dist": {
                "type": "zip",
                "url": "https://api.github.com/repos/symfony/DependencyInjection/zipball/c0a3a97b9450d77cd8eff81c5825efb3624c255b",
                "reference": "c0a3a97b9450d77cd8eff81c5825efb3624c255b",
                "shasum": ""
            },
            "require": {
                "php": ">=5.3.9"
            },
            "conflict": {
                "symfony/expression-language": "<2.6"
            },
            "require-dev": {
                "symfony/config": "~2.2",
                "symfony/expression-language": "~2.6",
                "symfony/phpunit-bridge": "~2.7",
                "symfony/yaml": "~2.1"
            },
            "suggest": {
                "symfony/config": "",
                "symfony/proxy-manager-bridge": "Generate service proxies to lazy load them",
                "symfony/yaml": ""
            },
            "type": "library",
            "extra": {
                "branch-alias": {
                    "dev-master": "2.7-dev"
                }
            },
            "autoload": {
                "psr-4": {
                    "Symfony\\Component\\DependencyInjection\\": ""
                }
            },
            "notification-url": "https://packagist.org/downloads/",
            "license": [
                "MIT"
            ],
            "authors": [
                {
                    "name": "Fabien Potencier",
                    "email": "fabien@symfony.com"
                },
                {
                    "name": "Symfony Community",
                    "homepage": "https://symfony.com/contributors"
                }
            ],
            "description": "Symfony DependencyInjection Component",
            "homepage": "https://symfony.com",
            "time": "2015-08-24 07:16:32"
        },
        {
            "name": "symfony/filesystem",
            "version": "v2.7.4",
            "source": {
                "type": "git",
                "url": "https://github.com/symfony/Filesystem.git",
                "reference": "f079e9933799929584200b9a926f72f29e291654"
            },
            "dist": {
                "type": "zip",
                "url": "https://api.github.com/repos/symfony/Filesystem/zipball/f079e9933799929584200b9a926f72f29e291654",
                "reference": "f079e9933799929584200b9a926f72f29e291654",
                "shasum": ""
            },
            "require": {
                "php": ">=5.3.9"
            },
            "require-dev": {
                "symfony/phpunit-bridge": "~2.7"
            },
            "type": "library",
            "extra": {
                "branch-alias": {
                    "dev-master": "2.7-dev"
                }
            },
            "autoload": {
                "psr-4": {
                    "Symfony\\Component\\Filesystem\\": ""
                }
            },
            "notification-url": "https://packagist.org/downloads/",
            "license": [
                "MIT"
            ],
            "authors": [
                {
                    "name": "Fabien Potencier",
                    "email": "fabien@symfony.com"
                },
                {
                    "name": "Symfony Community",
                    "homepage": "https://symfony.com/contributors"
                }
            ],
            "description": "Symfony Filesystem Component",
            "homepage": "https://symfony.com",
            "time": "2015-08-27 07:03:44"
        },
        {
            "name": "symfony/yaml",
            "version": "v2.7.4",
            "source": {
                "type": "git",
                "url": "https://github.com/symfony/Yaml.git",
                "reference": "2dc7b06c065df96cc686c66da2705e5e18aef661"
            },
            "dist": {
                "type": "zip",
                "url": "https://api.github.com/repos/symfony/Yaml/zipball/2dc7b06c065df96cc686c66da2705e5e18aef661",
                "reference": "2dc7b06c065df96cc686c66da2705e5e18aef661",
                "shasum": ""
            },
            "require": {
                "php": ">=5.3.9"
            },
            "require-dev": {
                "symfony/phpunit-bridge": "~2.7"
            },
            "type": "library",
            "extra": {
                "branch-alias": {
                    "dev-master": "2.7-dev"
                }
            },
            "autoload": {
                "psr-4": {
                    "Symfony\\Component\\Yaml\\": ""
                }
            },
            "notification-url": "https://packagist.org/downloads/",
            "license": [
                "MIT"
            ],
            "authors": [
                {
                    "name": "Fabien Potencier",
                    "email": "fabien@symfony.com"
                },
                {
                    "name": "Symfony Community",
                    "homepage": "https://symfony.com/contributors"
                }
            ],
            "description": "Symfony Yaml Component",
            "homepage": "https://symfony.com",
            "time": "2015-08-24 07:13:45"
        },
        {
            "name": "twig/twig",
            "version": "v1.21.2",
            "source": {
                "type": "git",
                "url": "https://github.com/twigphp/Twig.git",
                "reference": "ddce1136beb8db29b9cd7dffa8ab518b978c9db3"
            },
            "dist": {
                "type": "zip",
                "url": "https://api.github.com/repos/twigphp/Twig/zipball/ddce1136beb8db29b9cd7dffa8ab518b978c9db3",
                "reference": "ddce1136beb8db29b9cd7dffa8ab518b978c9db3",
                "shasum": ""
            },
            "require": {
                "php": ">=5.2.7"
            },
            "require-dev": {
                "symfony/debug": "~2.7",
                "symfony/phpunit-bridge": "~2.7"
            },
            "type": "library",
            "extra": {
                "branch-alias": {
                    "dev-master": "1.21-dev"
                }
            },
            "autoload": {
                "psr-0": {
                    "Twig_": "lib/"
                }
            },
            "notification-url": "https://packagist.org/downloads/",
            "license": [
                "BSD-3-Clause"
            ],
            "authors": [
                {
                    "name": "Fabien Potencier",
                    "email": "fabien@symfony.com",
                    "homepage": "http://fabien.potencier.org",
                    "role": "Lead Developer"
                },
                {
                    "name": "Armin Ronacher",
                    "email": "armin.ronacher@active-4.com",
                    "role": "Project Founder"
                },
                {
                    "name": "Twig Team",
                    "homepage": "http://twig.sensiolabs.org/contributors",
                    "role": "Contributors"
                }
            ],
            "description": "Twig, the flexible, fast, and secure template language for PHP",
            "homepage": "http://twig.sensiolabs.org",
            "keywords": [
                "templating"
            ],
            "time": "2015-09-09 05:28:51"
        }
    ],
    "packages-dev": [],
    "aliases": [],
    "minimum-stability": "stable",
    "stability-flags": [],
    "prefer-stable": false,
    "prefer-lowest": false,
    "platform": [],
    "platform-dev": []
}
